
Microsoft Visual Studio Solution File, Format Version 12.00
# Visual Studio 15
Project("{FAE04EC0-301F-11D3-BF4B-00C04F79EFBC}") = "Tower-master", "Tower-master.csproj", "{45CF4B0A-8881-25D6-6BB2-3893E3FC04A9}"
EndProject
Project("{FAE04EC0-301F-11D3-BF4B-00C04F79EFBC}") = "Tower-master.Plugins", "Tower-master.Plugins.csproj", "{923E43F4-F0E9-6EE6-5B67-C87775C545AA}"
EndProject
Project("{FAE04EC0-301F-11D3-BF4B-00C04F79EFBC}") = "Tower-master.Editor", "Tower-master.Editor.csproj", "{B1F114A0-D5F2-0736-DE25-2717CDB5CD15}"
EndProject
Global
	GlobalSection(SolutionConfigurationPlatforms) = preSolution
		Debug|Any CPU = Debug|Any CPU
		Release|Any CPU = Release|Any CPU
	EndGlobalSection
	GlobalSection(ProjectConfigurationPlatforms) = postSolution
		{45CF4B0A-8881-25D6-6BB2-3893E3FC04A9}.Debug|Any CPU.ActiveCfg = Debug|Any CPU
		{45CF4B0A-8881-25D6-6BB2-3893E3FC04A9}.Debug|Any CPU.Build.0 = Debug|Any CPU
		{45CF4B0A-8881-25D6-6BB2-3893E3FC04A9}.Release|Any CPU.ActiveCfg = Release|Any CPU
		{45CF4B0A-8881-25D6-6BB2-3893E3FC04A9}.Release|Any CPU.Build.0 = Release|Any CPU
		{923E43F4-F0E9-6EE6-5B67-C87775C545AA}.Debug|Any CPU.ActiveCfg = Debug|Any CPU
		{923E43F4-F0E9-6EE6-5B67-C87775C545AA}.Debug|Any CPU.Build.0 = Debug|Any CPU
		{923E43F4-F0E9-6EE6-5B67-C87775C545AA}.Release|Any CPU.ActiveCfg = Release|Any CPU
		{923E43F4-F0E9-6EE6-5B67-C87775C545AA}.Release|Any CPU.Build.0 = Release|Any CPU
		{B1F114A0-D5F2-0736-DE25-2717CDB5CD15}.Debug|Any CPU.ActiveCfg = Debug|Any CPU
		{B1F114A0-D5F2-0736-DE25-2717CDB5CD15}.Debug|Any CPU.Build.0 = Debug|Any CPU
		{B1F114A0-D5F2-0736-DE25-2717CDB5CD15}.Release|Any CPU.ActiveCfg = Release|Any CPU
		{B1F114A0-D5F2-0736-DE25-2717CDB5CD15}.Release|Any CPU.Build.0 = Release|Any CPU
	EndGlobalSection
	GlobalSection(SolutionProperties) = preSolution
		HideSolutionNode = FALSE
	EndGlobalSection
	GlobalSection(MonoDevelopProperties) = preSolution
		StartupItem = Assembly-CSharp.csproj
	EndGlobalSection
EndGlobal
